Microsoft Visual Studio Solution File, Format Version 8.00
Project("{8BC9CEB8-8B4A-11D0-8D11-00A0C91BC942}") = "WinAPIOverride32", "WinAPIOverride32.vcproj", "{192F8A96-1A14-41BF-BF52-7637C7FA439A}"
	ProjectSection(ProjectDependencies) = postProject
	EndProjectSection
EndProject
Project("{8BC9CEB8-8B4A-11D0-8D11-00A0C91BC942}") = "APIOverride_InjectedDLL", "..\Tools\Process\APIOverride\injected_dll\APIOverride_InjectedDLL.vcproj", "{35A57155-DE83-4EB7-A7F0-64FD76CA1DA4}"
	ProjectSection(ProjectDependencies) = postProject
	EndProjectSection
EndProject
Project("{8BC9CEB8-8B4A-11D0-8D11-00A0C91BC942}") = "InjLibDLL", "..\Tools\Process\InjLib\Src\DLL\InjLibDLL.vcproj", "{1333E4CD-D21F-4684-AAE6-979E7D68D20E}"
	ProjectSection(ProjectDependencies) = postProject
	EndProjectSection
EndProject
Project("{8BC9CEB8-8B4A-11D0-8D11-00A0C91BC942}") = "HookCom", "..\Tools\Process\APIOverride\HookCom\HookCom.vcproj", "{8F11D9E5-13C8-422A-903F-FDAB22423A81}"
	ProjectSection(ProjectDependencies) = postProject
	EndProjectSection
EndProject
Project("{8BC9CEB8-8B4A-11D0-8D11-00A0C91BC942}") = "HookNet", "..\Tools\Process\APIOverride\HookNet\HookNet.vcproj", "{3E10721B-170A-489C-ADAC-06FB3E7800DD}"
	ProjectSection(ProjectDependencies) = postProject
	EndProjectSection
EndProject
Project("{8BC9CEB8-8B4A-11D0-8D11-00A0C91BC942}") = "IATLoader", "..\Tools\Process\APIOverride\IATLoader\IATLoader.vcproj", "{64036262-AF5B-4890-83D2-60155CB6ECE8}"
	ProjectSection(ProjectDependencies) = postProject
	EndProjectSection
EndProject
Global
	GlobalSection(DPCodeReviewSolutionGUID) = preSolution
		DPCodeReviewSolutionGUID = {00000000-0000-0000-0000-000000000000}
	EndGlobalSection
	GlobalSection(SolutionConfiguration) = preSolution
		Debug = Debug
		Release = Release
		WinApiOverride32Debug = WinApiOverride32Debug
		WinApiOverride32Release = WinApiOverride32Release
		WinApiOverride32UnicodeDebug = WinApiOverride32UnicodeDebug
		WinApiOverride32UnicodeRelease = WinApiOverride32UnicodeRelease
	EndGlobalSection
	GlobalSection(ProjectConfiguration) = postSolution
		{192F8A96-1A14-41BF-BF52-7637C7FA439A}.Debug.ActiveCfg = Debug|Win32
		{192F8A96-1A14-41BF-BF52-7637C7FA439A}.Debug.Build.0 = Debug|Win32
		{192F8A96-1A14-41BF-BF52-7637C7FA439A}.Release.ActiveCfg = Release|Win32
		{192F8A96-1A14-41BF-BF52-7637C7FA439A}.Release.Build.0 = Release|Win32
		{192F8A96-1A14-41BF-BF52-7637C7FA439A}.WinApiOverride32Debug.ActiveCfg = WinApiOverride32Debug|Win32
		{192F8A96-1A14-41BF-BF52-7637C7FA439A}.WinApiOverride32Debug.Build.0 = WinApiOverride32Debug|Win32
		{192F8A96-1A14-41BF-BF52-7637C7FA439A}.WinApiOverride32Release.ActiveCfg = WinApiOverride32Release|Win32
		{192F8A96-1A14-41BF-BF52-7637C7FA439A}.WinApiOverride32Release.Build.0 = WinApiOverride32Release|Win32
		{192F8A96-1A14-41BF-BF52-7637C7FA439A}.WinApiOverride32UnicodeDebug.ActiveCfg = WinApiOverride32UnicodeDebug|Win32
		{192F8A96-1A14-41BF-BF52-7637C7FA439A}.WinApiOverride32UnicodeDebug.Build.0 = WinApiOverride32UnicodeDebug|Win32
		{192F8A96-1A14-41BF-BF52-7637C7FA439A}.WinApiOverride32UnicodeRelease.ActiveCfg = WinApiOverride32UnicodeRelease|Win32
		{192F8A96-1A14-41BF-BF52-7637C7FA439A}.WinApiOverride32UnicodeRelease.Build.0 = WinApiOverride32UnicodeRelease|Win32
		{35A57155-DE83-4EB7-A7F0-64FD76CA1DA4}.Debug.ActiveCfg = Debug|Win32
		{35A57155-DE83-4EB7-A7F0-64FD76CA1DA4}.Debug.Build.0 = Debug|Win32
		{35A57155-DE83-4EB7-A7F0-64FD76CA1DA4}.Release.ActiveCfg = Release|Win32
		{35A57155-DE83-4EB7-A7F0-64FD76CA1DA4}.Release.Build.0 = Release|Win32
		{35A57155-DE83-4EB7-A7F0-64FD76CA1DA4}.WinApiOverride32Debug.ActiveCfg = WinApiOverride32Debug|Win32
		{35A57155-DE83-4EB7-A7F0-64FD76CA1DA4}.WinApiOverride32Debug.Build.0 = WinApiOverride32Debug|Win32
		{35A57155-DE83-4EB7-A7F0-64FD76CA1DA4}.WinApiOverride32Release.ActiveCfg = WinApiOverride32Release|Win32
		{35A57155-DE83-4EB7-A7F0-64FD76CA1DA4}.WinApiOverride32Release.Build.0 = WinApiOverride32Release|Win32
		{35A57155-DE83-4EB7-A7F0-64FD76CA1DA4}.WinApiOverride32UnicodeDebug.ActiveCfg = WinApiOverride32UnicodeDebug|Win32
		{35A57155-DE83-4EB7-A7F0-64FD76CA1DA4}.WinApiOverride32UnicodeDebug.Build.0 = WinApiOverride32UnicodeDebug|Win32
		{35A57155-DE83-4EB7-A7F0-64FD76CA1DA4}.WinApiOverride32UnicodeRelease.ActiveCfg = WinApiOverride32UnicodeRelease|Win32
		{35A57155-DE83-4EB7-A7F0-64FD76CA1DA4}.WinApiOverride32UnicodeRelease.Build.0 = WinApiOverride32UnicodeRelease|Win32
		{1333E4CD-D21F-4684-AAE6-979E7D68D20E}.Debug.ActiveCfg = Debug|Win32
		{1333E4CD-D21F-4684-AAE6-979E7D68D20E}.Debug.Build.0 = Debug|Win32
		{1333E4CD-D21F-4684-AAE6-979E7D68D20E}.Release.ActiveCfg = Release|Win32
		{1333E4CD-D21F-4684-AAE6-979E7D68D20E}.Release.Build.0 = Release|Win32
		{1333E4CD-D21F-4684-AAE6-979E7D68D20E}.WinApiOverride32Debug.ActiveCfg = WinApiOverride32Debug|Win32
		{1333E4CD-D21F-4684-AAE6-979E7D68D20E}.WinApiOverride32Debug.Build.0 = WinApiOverride32Debug|Win32
		{1333E4CD-D21F-4684-AAE6-979E7D68D20E}.WinApiOverride32Release.ActiveCfg = WinApiOverride32Release|Win32
		{1333E4CD-D21F-4684-AAE6-979E7D68D20E}.WinApiOverride32Release.Build.0 = WinApiOverride32Release|Win32
		{1333E4CD-D21F-4684-AAE6-979E7D68D20E}.WinApiOverride32UnicodeDebug.ActiveCfg = WinApiOverride32UnicodeDebug|Win32
		{1333E4CD-D21F-4684-AAE6-979E7D68D20E}.WinApiOverride32UnicodeDebug.Build.0 = WinApiOverride32UnicodeDebug|Win32
		{1333E4CD-D21F-4684-AAE6-979E7D68D20E}.WinApiOverride32UnicodeRelease.ActiveCfg = WinApiOverride32UnicodeRelease|Win32
		{1333E4CD-D21F-4684-AAE6-979E7D68D20E}.WinApiOverride32UnicodeRelease.Build.0 = WinApiOverride32UnicodeRelease|Win32
		{8F11D9E5-13C8-422A-903F-FDAB22423A81}.Debug.ActiveCfg = Debug|Win32
		{8F11D9E5-13C8-422A-903F-FDAB22423A81}.Debug.Build.0 = Debug|Win32
		{8F11D9E5-13C8-422A-903F-FDAB22423A81}.Release.ActiveCfg = Release|Win32
		{8F11D9E5-13C8-422A-903F-FDAB22423A81}.Release.Build.0 = Release|Win32
		{8F11D9E5-13C8-422A-903F-FDAB22423A81}.WinApiOverride32Debug.ActiveCfg = WinApiOverride32Debug|Win32
		{8F11D9E5-13C8-422A-903F-FDAB22423A81}.WinApiOverride32Debug.Build.0 = WinApiOverride32Debug|Win32
		{8F11D9E5-13C8-422A-903F-FDAB22423A81}.WinApiOverride32Release.ActiveCfg = WinApiOverride32Release|Win32
		{8F11D9E5-13C8-422A-903F-FDAB22423A81}.WinApiOverride32Release.Build.0 = WinApiOverride32Release|Win32
		{8F11D9E5-13C8-422A-903F-FDAB22423A81}.WinApiOverride32UnicodeDebug.ActiveCfg = WinApiOverride32UnicodeDebug|Win32
		{8F11D9E5-13C8-422A-903F-FDAB22423A81}.WinApiOverride32UnicodeDebug.Build.0 = WinApiOverride32UnicodeDebug|Win32
		{8F11D9E5-13C8-422A-903F-FDAB22423A81}.WinApiOverride32UnicodeRelease.ActiveCfg = WinApiOverride32UnicodeRelease|Win32
		{8F11D9E5-13C8-422A-903F-FDAB22423A81}.WinApiOverride32UnicodeRelease.Build.0 = WinApiOverride32UnicodeRelease|Win32
		{3E10721B-170A-489C-ADAC-06FB3E7800DD}.Debug.ActiveCfg = Debug|Win32
		{3E10721B-170A-489C-ADAC-06FB3E7800DD}.Debug.Build.0 = Debug|Win32
		{3E10721B-170A-489C-ADAC-06FB3E7800DD}.Release.ActiveCfg = Release|Win32
		{3E10721B-170A-489C-ADAC-06FB3E7800DD}.Release.Build.0 = Release|Win32
		{3E10721B-170A-489C-ADAC-06FB3E7800DD}.WinApiOverride32Debug.ActiveCfg = WinApiOverride32Debug|Win32
		{3E10721B-170A-489C-ADAC-06FB3E7800DD}.WinApiOverride32Debug.Build.0 = WinApiOverride32Debug|Win32
		{3E10721B-170A-489C-ADAC-06FB3E7800DD}.WinApiOverride32Release.ActiveCfg = WinApiOverride32Release|Win32
		{3E10721B-170A-489C-ADAC-06FB3E7800DD}.WinApiOverride32Release.Build.0 = WinApiOverride32Release|Win32
		{3E10721B-170A-489C-ADAC-06FB3E7800DD}.WinApiOverride32UnicodeDebug.ActiveCfg = WinApiOverride32UnicodeDebug|Win32
		{3E10721B-170A-489C-ADAC-06FB3E7800DD}.WinApiOverride32UnicodeDebug.Build.0 = WinApiOverride32UnicodeDebug|Win32
		{3E10721B-170A-489C-ADAC-06FB3E7800DD}.WinApiOverride32UnicodeRelease.ActiveCfg = WinApiOverride32UnicodeRelease|Win32
		{3E10721B-170A-489C-ADAC-06FB3E7800DD}.WinApiOverride32UnicodeRelease.Build.0 = WinApiOverride32UnicodeRelease|Win32
		{64036262-AF5B-4890-83D2-60155CB6ECE8}.Debug.ActiveCfg = Debug|Win32
		{64036262-AF5B-4890-83D2-60155CB6ECE8}.Debug.Build.0 = Debug|Win32
		{64036262-AF5B-4890-83D2-60155CB6ECE8}.Release.ActiveCfg = Release|Win32
		{64036262-AF5B-4890-83D2-60155CB6ECE8}.Release.Build.0 = Release|Win32
		{64036262-AF5B-4890-83D2-60155CB6ECE8}.WinApiOverride32Debug.ActiveCfg = Debug|Win32
		{64036262-AF5B-4890-83D2-60155CB6ECE8}.WinApiOverride32Debug.Build.0 = Debug|Win32
		{64036262-AF5B-4890-83D2-60155CB6ECE8}.WinApiOverride32Release.ActiveCfg = Release|Win32
		{64036262-AF5B-4890-83D2-60155CB6ECE8}.WinApiOverride32Release.Build.0 = Release|Win32
		{64036262-AF5B-4890-83D2-60155CB6ECE8}.WinApiOverride32UnicodeDebug.ActiveCfg = Debug|Win32
		{64036262-AF5B-4890-83D2-60155CB6ECE8}.WinApiOverride32UnicodeDebug.Build.0 = Debug|Win32
		{64036262-AF5B-4890-83D2-60155CB6ECE8}.WinApiOverride32UnicodeRelease.ActiveCfg = Release|Win32
		{64036262-AF5B-4890-83D2-60155CB6ECE8}.WinApiOverride32UnicodeRelease.Build.0 = Release|Win32
	EndGlobalSection
	GlobalSection(ExtensibilityGlobals) = postSolution
	EndGlobalSection
	GlobalSection(ExtensibilityAddIns) = postSolution
	EndGlobalSection
EndGlobal
